
Microsoft Visual Studio Solution File, Format Version 12.00
# Visual Studio Version 16
VisualStudioVersion = 16.0.29318.209
MinimumVisualStudioVersion = 10.0.40219.1
Project("{9A19103F-16F7-4668-BE54-9A1E7A4F7556}") = "Koneko.Bot", "Koneko.Bot\Koneko.Bot.csproj", "{A2F11A0D-0442-4EB6-9BC3-527E361A6B3E}"
EndProject
Project("{FAE04EC0-301F-11D3-BF4B-00C04F79EFBC}") = "Koneko.Bot.DataAccessLayer", "Koneko.Bot.DataAccessLayer\Koneko.Bot.DataAccessLayer.csproj", "{61DFE423-9D42-479A-BC2A-EB90B095EC73}"
EndProject
Project("{FAE04EC0-301F-11D3-BF4B-00C04F79EFBC}") = "Koneko.Bot.Domain", "Koneko.Bot.Domain\Koneko.Bot.Domain.csproj", "{931165FF-FCB6-48A2-B8A3-DFAF3A1A1470}"
EndProject
Global
	GlobalSection(SolutionConfigurationPlatforms) = preSolution
		Debug|Any CPU = Debug|Any CPU
		Release|Any CPU = Release|Any CPU
	EndGlobalSection
	GlobalSection(ProjectConfigurationPlatforms) = postSolution
		{A2F11A0D-0442-4EB6-9BC3-527E361A6B3E}.Debug|Any CPU.ActiveCfg = Debug|Any CPU
		{A2F11A0D-0442-4EB6-9BC3-527E361A6B3E}.Debug|Any CPU.Build.0 = Debug|Any CPU
		{A2F11A0D-0442-4EB6-9BC3-527E361A6B3E}.Release|Any CPU.ActiveCfg = Release|Any CPU
		{A2F11A0D-0442-4EB6-9BC3-527E361A6B3E}.Release|Any CPU.Build.0 = Release|Any CPU
		{61DFE423-9D42-479A-BC2A-EB90B095EC73}.Debug|Any CPU.ActiveCfg = Debug|Any CPU
		{61DFE423-9D42-479A-BC2A-EB90B095EC73}.Debug|Any CPU.Build.0 = Debug|Any CPU
		{61DFE423-9D42-479A-BC2A-EB90B095EC73}.Release|Any CPU.ActiveCfg = Release|Any CPU
		{61DFE423-9D42-479A-BC2A-EB90B095EC73}.Release|Any CPU.Build.0 = Release|Any CPU
		{931165FF-FCB6-48A2-B8A3-DFAF3A1A1470}.Debug|Any CPU.ActiveCfg = Debug|Any CPU
		{931165FF-FCB6-48A2-B8A3-DFAF3A1A1470}.Debug|Any CPU.Build.0 = Debug|Any CPU
		{931165FF-FCB6-48A2-B8A3-DFAF3A1A1470}.Release|Any CPU.ActiveCfg = Release|Any CPU
		{931165FF-FCB6-48A2-B8A3-DFAF3A1A1470}.Release|Any CPU.Build.0 = Release|Any CPU
	EndGlobalSection
	GlobalSection(SolutionProperties) = preSolution
		HideSolutionNode = FALSE
	EndGlobalSection
	GlobalSection(ExtensibilityGlobals) = postSolution
		SolutionGuid = {DDFBC3A9-0AD6-45C2-8E98-B3C973AB4600}
	EndGlobalSection
EndGlobal
